
Microsoft Visual Studio Solution File, Format Version 12.00
# Visual Studio Version 16
VisualStudioVersion = 16.0.29009.5
MinimumVisualStudioVersion = 10.0.40219.1
Project("{9A19103F-16F7-4668-BE54-9A1E7A4F7556}") = "BinaryTreePathFinder", "BinaryTreePathFinder.csproj", "{5E08D5CC-0241-4C63-AB8A-D619549F6104}"
EndProject
Global
	GlobalSection(SolutionConfigurationPlatforms) = preSolution
		Debug|Any CPU = Debug|Any CPU
		Release|Any CPU = Release|Any CPU
	EndGlobalSection
	GlobalSection(ProjectConfigurationPlatforms) = postSolution
		{5E08D5CC-0241-4C63-AB8A-D619549F6104}.Debug|Any CPU.ActiveCfg = Debug|Any CPU
		{5E08D5CC-0241-4C63-AB8A-D619549F6104}.Debug|Any CPU.Build.0 = Debug|Any CPU
		{5E08D5CC-0241-4C63-AB8A-D619549F6104}.Release|Any CPU.ActiveCfg = Release|Any CPU
		{5E08D5CC-0241-4C63-AB8A-D619549F6104}.Release|Any CPU.Build.0 = Release|Any CPU
	EndGlobalSection
	GlobalSection(SolutionProperties) = preSolution
		HideSolutionNode = FALSE
	EndGlobalSection
	GlobalSection(ExtensibilityGlobals) = postSolution
		SolutionGuid = {0BE6CEC8-2632-4623-A4E3-1F7B97304E25}
	EndGlobalSection
EndGlobal
